// !$*UTF8*$!
{
	archiveVersion = 1;
	classes = {
	};
	objectVersion = 50;
	objects = {

/* Begin PBXBuildFile section */
		F4CD6ECC20D442490007AE69 /* AppDelegate.swift in Sources */ = {isa = PBXBuildFile; fileRef = F4CD6ECB20D442490007AE69 /* AppDelegate.swift */; };
		F4CD6ECE20D442490007AE69 /* ViewController.swift in Sources */ = {isa = PBXBuildFile; fileRef = F4CD6ECD20D442490007AE69 /* ViewController.swift */; };
		F4CD6ED120D442490007AE69 /* Main.storyboard in Resources */ = {isa = PBXBuildFile; fileRef = F4CD6ECF20D442490007AE69 /* Main.storyboard */; };
		F4CD6ED420D442490007AE69 /* prim10.xcdatamodeld in Sources */ = {isa = PBXBuildFile; fileRef = F4CD6ED220D442490007AE69 /* prim10.xcdatamodeld */; };
		F4CD6ED620D442490007AE69 /* Assets.xcassets in Resources */ = {isa = PBXBuildFile; fileRef = F4CD6ED520D442490007AE69 /* Assets.xcassets */; };
		F4CD6ED920D442490007AE69 /* LaunchScreen.storyboard in Resources */ = {isa = PBXBuildFile; fileRef = F4CD6ED720D442490007AE69 /* LaunchScreen.storyboard */; };
/* End PBXBuildFile section */

/* Begin PBXFileReference section */
		F4CD6EC820D442480007AE69 /* prim10.app */ = {isa = PBXFileReference; explicitFileType = wrapper.application; includeInIndex = 0; path = prim10.app; sourceTree = BUILT_PRODUCTS_DIR; };
		F4CD6ECB20D442490007AE69 /* AppDelegate.swift */ = {isa = PBXFileReference; lastKnownFileType = sourcecode.swift; path = AppDelegate.swift; sourceTree = "<group>"; };
		F4CD6ECD20D442490007AE69 /* ViewController.swift */ = {isa = PBXFileReference; lastKnownFileType = sourcecode.swift; path = ViewController.swift; sourceTree = "<group>"; };
		F4CD6ED020D442490007AE69 /* Base */ = {isa = PBXFileReference; lastKnownFileType = file.storyboard; name = Base; path = Base.lproj/Main.storyboard; sourceTree = "<group>"; };
		F4CD6ED320D442490007AE69 /* prim10.xcdatamodel */ = {isa = PBXFileReference; lastKnownFileType = wrapper.xcdatamodel; path = prim10.xcdatamodel; sourceTree = "<group>"; };
		F4CD6ED520D442490007AE69 /* Assets.xcassets */ = {isa = PBXFileReference; lastKnownFileType = folder.assetcatalog; path = Assets.xcassets; sourceTree = "<group>"; };
		F4CD6ED820D442490007AE69 /* Base */ = {isa = PBXFileReference; lastKnownFileType = file.storyboard; name = Base; path = Base.lproj/LaunchScreen.storyboard; sourceTree = "<group>"; };
		F4CD6EDA20D442490007AE69 /* Info.plist */ = {isa = PBXFileReference; lastKnownFileType = text.plist.xml; path = Info.plist; sourceTree = "<group>"; };
/* End PBXFileReference section */

/* Begin PBXFrameworksBuildPhase section */
		F4CD6EC520D442480007AE69 /* Frameworks */ = {
			isa = PBXFrameworksBuildPhase;
			buildActionMask = 2147483647;
			files = (
			);
			runOnlyForDeploymentPostprocessing = 0;
		};
/* End PBXFrameworksBuildPhase section */

/* Begin PBXGroup section */
		F4CD6EBF20D442480007AE69 = {
			isa = PBXGroup;
			children = (
				F4CD6ECA20D442480007AE69 /* prim10 */,
				F4CD6EC920D442480007AE69 /* Products */,
			);
			sourceTree = "<group>";
		};
		F4CD6EC920D442480007AE69 /* Products */ = {
			isa = PBXGroup;
			children = (
				F4CD6EC820D442480007AE69 /* prim10.app */,
			);
			name = Products;
			sourceTree = "<group>";
		};
		F4CD6ECA20D442480007AE69 /* prim10 */ = {
			isa = PBXGroup;
			children = (
				F4CD6ECB20D442490007AE69 /* AppDelegate.swift */,
				F4CD6ECD20D442490007AE69 /* ViewController.swift */,
				F4CD6ECF20D442490007AE69 /* Main.storyboard */,
				F4CD6ED520D442490007AE69 /* Assets.xcassets */,
				F4CD6ED720D442490007AE69 /* LaunchScreen.storyboard */,
				F4CD6EDA20D442490007AE69 /* Info.plist */,
				F4CD6ED220D442490007AE69 /* prim10.xcdatamodeld */,
			);
			path = prim10;
			sourceTree = "<group>";
		};
/* End PBXGroup section */

/* Begin PBXNativeTarget section */
		F4CD6EC720D442480007AE69 /* prim10 */ = {
			isa = PBXNativeTarget;
			buildConfigurationList = F4CD6EDD20D442490007AE69 /* Build configuration list for PBXNativeTarget "prim10" */;
			buildPhases = (
				F4CD6EC420D442480007AE69 /* Sources */,
				F4CD6EC520D442480007AE69 /* Frameworks */,
				F4CD6EC620D442480007AE69 /* Resources */,
			);
			buildRules = (
			);
			dependencies = (
			);
			name = prim10;
			productName = prim10;
			productReference = F4CD6EC820D442480007AE69 /* prim10.app */;
			productType = "com.apple.product-type.application";
		};
/* End PBXNativeTarget section */

/* Begin PBXProject section */
		F4CD6EC020D442480007AE69 /* Project object */ = {
			isa = PBXProject;
			attributes = {
				LastSwiftUpdateCheck = 0930;
				LastUpgradeCheck = 0930;
				ORGANIZATIONNAME = HOME;
				TargetAttributes = {
					F4CD6EC720D442480007AE69 = {
						CreatedOnToolsVersion = 9.3;
					};
				};
			};
			buildConfigurationList = F4CD6EC320D442480007AE69 /* Build configuration list for PBXProject "prim10" */;
			compatibilityVersion = "Xcode 9.3";
			developmentRegion = en;
			hasScannedForEncodings = 0;
			knownRegions = (
				en,
				Base,
			);
			mainGroup = F4CD6EBF20D442480007AE69;
			productRefGroup = F4CD6EC920D442480007AE69 /* Products */;
			projectDirPath = "";
			projectRoot = "";
			targets = (
				F4CD6EC720D442480007AE69 /* prim10 */,
			);
		};
/* End PBXProject section */

/* Begin PBXResourcesBuildPhase section */
		F4CD6EC620D442480007AE69 /* Resources */ = {
			isa = PBXResourcesBuildPhase;
			buildActionMask = 2147483647;
			files = (
				F4CD6ED920D442490007AE69 /* LaunchScreen.storyboard in Resources */,
				F4CD6ED620D442490007AE69 /* Assets.xcassets in Resources */,
				F4CD6ED120D442490007AE69 /* Main.storyboard in Resources */,
			);
			runOnlyForDeploymentPostprocessing = 0;
		};
/* End PBXResourcesBuildPhase section */

/* Begin PBXSourcesBuildPhase section */
		F4CD6EC420D442480007AE69 /* Sources */ = {
			isa = PBXSourcesBuildPhase;
			buildActionMask = 2147483647;
			files = (
				F4CD6ECE20D442490007AE69 /* ViewController.swift in Sources */,
				F4CD6ED420D442490007AE69 /* prim10.xcdatamodeld in Sources */,
				F4CD6ECC20D442490007AE69 /* AppDelegate.swift in Sources */,
			);
			runOnlyForDeploymentPostprocessing = 0;
		};
/* End PBXSourcesBuildPhase section */

/* Begin PBXVariantGroup section */
		F4CD6ECF20D442490007AE69 /* Main.storyboard */ = {
			isa = PBXVariantGroup;
			children = (
				F4CD6ED020D442490007AE69 /* Base */,
			);
			name = Main.storyboard;
			sourceTree = "<group>";
		};
		F4CD6ED720D442490007AE69 /* LaunchScreen.storyboard */ = {
			isa = PBXVariantGroup;
			children = (
				F4CD6ED820D442490007AE69 /* Base */,
			);
			name = LaunchScreen.storyboard;
			sourceTree = "<group>";
		};
/* End PBXVariantGroup section */

/* Begin XCBuildConfiguration section */
		F4CD6EDB20D442490007AE69 /* Debug */ = {
			isa = XCBuildConfiguration;
			buildSettings = {
				ALWAYS_SEARCH_USER_PATHS = NO;
				CLANG_ANALYZER_NONNULL = YES;
				CLANG_ANALYZER_NUMBER_OBJECT_CONVERSION = YES_AGGRESSIVE;
				CLANG_CXX_LANGUAGE_STANDARD = "gnu++14";
				CLANG_CXX_LIBRARY = "libc++";
				CLANG_ENABLE_MODULES = YES;
				CLANG_ENABLE_OBJC_ARC = YES;
				CLANG_ENABLE_OBJC_WEAK = YES;
				CLANG_WARN_BLOCK_CAPTURE_AUTORELEASING = YES;
				CLANG_WARN_BOOL_CONVERSION = YES;
				CLANG_WARN_COMMA = YES;
				CLANG_WARN_CONSTANT_CONVERSION = YES;
				CLANG_WARN_DEPRECATED_OBJC_IMPLEMENTATIONS = YES;
				CLANG_WARN_DIRECT_OBJC_ISA_USAGE = YES_ERROR;
				CLANG_WARN_DOCUMENTATION_COMMENTS = YES;
				CLANG_WARN_EMPTY_BODY = YES;
				CLANG_WARN_ENUM_CONVERSION = YES;
				CLANG_WARN_INFINITE_RECURSION = YES;
				CLANG_WARN_INT_CONVERSION = YES;
				CLANG_WARN_NON_LITERAL_NULL_CONVERSION = YES;
				CLANG_WARN_OBJC_IMPLICIT_RETAIN_SELF = YES;
				CLANG_WARN_OBJC_LITERAL_CONVERSION = YES;
				CLANG_WARN_OBJC_ROOT_CLASS = YES_ERROR;
				CLANG_WARN_RANGE_LOOP_ANALYSIS = YES;
				CLANG_WARN_STRICT_PROTOTYPES = YES;
				CLANG_WARN_SUSPICIOUS_MOVE = YES;
				CLANG_WARN_UNGUARDED_AVAILABILITY = YES_AGGRESSIVE;
				CLANG_WARN_UNREACHABLE_CODE = YES;
				CLANG_WARN__DUPLICATE_METHOD_MATCH = YES;
				CODE_SIGN_IDENTITY = "iPhone Developer";
				COPY_PHASE_STRIP = NO;
				DEBUG_INFORMATION_FORMAT = dwarf;
				ENABLE_STRICT_OBJC_MSGSEND = YES;
				ENABLE_TESTABILITY = YES;
				GCC_C_LANGUAGE_STANDARD = gnu11;
				GCC_DYNAMIC_NO_PIC = NO;
				GCC_NO_COMMON_BLOCKS = YES;
				GCC_OPTIMIZATION_LEVEL = 0;
				GCC_PREPROCESSOR_DEFINITIONS = (
					"DEBUG=1",
					"$(inherited)",
				);
				GCC_WARN_64_TO_32_BIT_CONVERSION = YES;
				GCC_WARN_ABOUT_RETURN_TYPE = YES_ERROR;
				GCC_WARN_UNDECLARED_SELECTOR = YES;
				GCC_WARN_UNINITIALIZED_AUTOS = YES_AGGRESSIVE;
				GCC_WARN_UNUSED_FUNCTION = YES;
				GCC_WARN_UNUSED_VARIABLE = YES;
				IPHONEOS_DEPLOYMENT_TARGET = 11.3;
				MTL_ENABLE_DEBUG_INFO = YES;
				ONLY_ACTIVE_ARCH = YES;
				SDKROOT = iphoneos;
				SWIFT_ACTIVE_COMPILATION_CONDITIONS = DEBUG;
				SWIFT_OPTIMIZATION_LEVEL = "-Onone";
			};
			name = Debug;
		};
		F4CD6EDC20D442490007AE69 /* Release */ = {
			isa = XCBuildConfiguration;
			buildSettings = {
				ALWAYS_SEARCH_USER_PATHS = NO;
				CLANG_ANALYZER_NONNULL = YES;
				CLANG_ANALYZER_NUMBER_OBJECT_CONVERSION = YES_AGGRESSIVE;
				CLANG_CXX_LANGUAGE_STANDARD = "gnu++14";
				CLANG_CXX_LIBRARY = "libc++";
				CLANG_ENABLE_MODULES = YES;
				CLANG_ENABLE_OBJC_ARC = YES;
				CLANG_ENABLE_OBJC_WEAK = YES;
				CLANG_WARN_BLOCK_CAPTURE_AUTORELEASING = YES;
				CLANG_WARN_BOOL_CONVERSION = YES;
				CLANG_WARN_COMMA = YES;
				CLANG_WARN_CONSTANT_CONVERSION = YES;
				CLANG_WARN_DEPRECATED_OBJC_IMPLEMENTATIONS = YES;
				CLANG_WARN_DIRECT_OBJC_ISA_USAGE = YES_ERROR;
				CLANG_WARN_DOCUMENTATION_COMMENTS = YES;
				CLANG_WARN_EMPTY_BODY = YES;
				CLANG_WARN_ENUM_CONVERSION = YES;
				CLANG_WARN_INFINITE_RECURSION = YES;
				CLANG_WARN_INT_CONVERSION = YES;
				CLANG_WARN_NON_LITERAL_NULL_CONVERSION = YES;
				CLANG_WARN_OBJC_IMPLICIT_RETAIN_SELF = YES;
				CLANG_WARN_OBJC_LITERAL_CONVERSION = YES;
				CLANG_WARN_OBJC_ROOT_CLASS = YES_ERROR;
				CLANG_WARN_RANGE_LOOP_ANALYSIS = YES;
				CLANG_WARN_STRICT_PROTOTYPES = YES;
				CLANG_WARN_SUSPICIOUS_MOVE = YES;
				CLANG_WARN_UNGUARDED_AVAILABILITY = YES_AGGRESSIVE;
				CLANG_WARN_UNREACHABLE_CODE = YES;
				CLANG_WARN__DUPLICATE_METHOD_MATCH = YES;
				CODE_SIGN_IDENTITY = "iPhone Developer";
				COPY_PHASE_STRIP = NO;
				DEBUG_INFORMATION_FORMAT = "dwarf-with-dsym";
				ENABLE_NS_ASSERTIONS = NO;
				ENABLE_STRICT_OBJC_MSGSEND = YES;
				GCC_C_LANGUAGE_STANDARD = gnu11;
				GCC_NO_COMMON_BLOCKS = YES;
				GCC_WARN_64_TO_32_BIT_CONVERSION = YES;
				GCC_WARN_ABOUT_RETURN_TYPE = YES_ERROR;
				GCC_WARN_UNDECLARED_SELECTOR = YES;
				GCC_WARN_UNINITIALIZED_AUTOS = YES_AGGRESSIVE;
				GCC_WARN_UNUSED_FUNCTION = YES;
				GCC_WARN_UNUSED_VARIABLE = YES;
				IPHONEOS_DEPLOYMENT_TARGET = 11.3;
				MTL_ENABLE_DEBUG_INFO = NO;
				SDKROOT = iphoneos;
				SWIFT_COMPILATION_MODE = wholemodule;
				SWIFT_OPTIMIZATION_LEVEL = "-O";
				VALIDATE_PRODUCT = YES;
			};
			name = Release;
		};
		F4CD6EDE20D442490007AE69 /* Debug */ = {
			isa = XCBuildConfiguration;
			buildSettings = {
				ASSETCATALOG_COMPILER_APPICON_NAME = AppIcon;
				CODE_SIGN_STYLE = Automatic;
				DEVELOPMENT_TEAM = 82FRQCDS85;
				INFOPLIST_FILE = prim10/Info.plist;
				LD_RUNPATH_SEARCH_PATHS = (
					"$(inherited)",
					"@executable_path/Frameworks",
				);
				PRODUCT_BUNDLE_IDENTIFIER = hm.prim10;
				PRODUCT_NAME = "$(TARGET_NAME)";
				SWIFT_VERSION = 4.0;
				TARGETED_DEVICE_FAMILY = "1,2";
			};
			name = Debug;
		};
		F4CD6EDF20D442490007AE69 /* Release */ = {
			isa = XCBuildConfiguration;
			buildSettings = {
				ASSETCATALOG_COMPILER_APPICON_NAME = AppIcon;
				CODE_SIGN_STYLE = Automatic;
				DEVELOPMENT_TEAM = 82FRQCDS85;
				INFOPLIST_FILE = prim10/Info.plist;
				LD_RUNPATH_SEARCH_PATHS = (
					"$(inherited)",
					"@executable_path/Frameworks",
				);
				PRODUCT_BUNDLE_IDENTIFIER = hm.prim10;
				PRODUCT_NAME = "$(TARGET_NAME)";
				SWIFT_VERSION = 4.0;
				TARGETED_DEVICE_FAMILY = "1,2";
			};
			name = Release;
		};
/* End XCBuildConfiguration section */

/* Begin XCConfigurationList section */
		F4CD6EC320D442480007AE69 /* Build configuration list for PBXProject "prim10" */ = {
			isa = XCConfigurationList;
			buildConfigurations = (
				F4CD6EDB20D442490007AE69 /* Debug */,
				F4CD6EDC20D442490007AE69 /* Release */,
			);
			defaultConfigurationIsVisible = 0;
			defaultConfigurationName = Release;
		};
		F4CD6EDD20D442490007AE69 /* Build configuration list for PBXNativeTarget "prim10" */ = {
			isa = XCConfigurationList;
			buildConfigurations = (
				F4CD6EDE20D442490007AE69 /* Debug */,
				F4CD6EDF20D442490007AE69 /* Release */,
			);
			defaultConfigurationIsVisible = 0;
			defaultConfigurationName = Release;
		};
/* End XCConfigurationList section */

/* Begin XCVersionGroup section */
		F4CD6ED220D442490007AE69 /* prim10.xcdatamodeld */ = {
			isa = XCVersionGroup;
			children = (
				F4CD6ED320D442490007AE69 /* prim10.xcdatamodel */,
			);
			currentVersion = F4CD6ED320D442490007AE69 /* prim10.xcdatamodel */;
			path = prim10.xcdatamodeld;
			sourceTree = "<group>";
			versionGroupType = wrapper.xcdatamodel;
		};
/* End XCVersionGroup section */
	};
	rootObject = F4CD6EC020D442480007AE69 /* Project object */;
}
